
Microsoft Visual Studio Solution File, Format Version 12.00
# Visual Studio Version 16
VisualStudioVersion = 16.0.30717.126
MinimumVisualStudioVersion = 10.0.40219.1
Project("{8BC9CEB8-8B4A-11D0-8D11-00A0C91BC942}") = "排序算法", "排序算法.vcxproj", "{BB459091-9B7A-447C-B058-6851DA6F8E42}"
EndProject
Global
	GlobalSection(SolutionConfigurationPlatforms) = preSolution
		Debug|x64 = Debug|x64
		Debug|x86 = Debug|x86
		Release|x64 = Release|x64
		Release|x86 = Release|x86
	EndGlobalSection
	GlobalSection(ProjectConfigurationPlatforms) = postSolution
		{BB459091-9B7A-447C-B058-6851DA6F8E42}.Debug|x64.ActiveCfg = Debug|x64
		{BB459091-9B7A-447C-B058-6851DA6F8E42}.Debug|x64.Build.0 = Debug|x64
		{BB459091-9B7A-447C-B058-6851DA6F8E42}.Debug|x86.ActiveCfg = Debug|Win32
		{BB459091-9B7A-447C-B058-6851DA6F8E42}.Debug|x86.Build.0 = Debug|Win32
		{BB459091-9B7A-447C-B058-6851DA6F8E42}.Release|x64.ActiveCfg = Release|x64
		{BB459091-9B7A-447C-B058-6851DA6F8E42}.Release|x64.Build.0 = Release|x64
		{BB459091-9B7A-447C-B058-6851DA6F8E42}.Release|x86.ActiveCfg = Release|Win32
		{BB459091-9B7A-447C-B058-6851DA6F8E42}.Release|x86.Build.0 = Release|Win32
	EndGlobalSection
	GlobalSection(SolutionProperties) = preSolution
		HideSolutionNode = FALSE
	EndGlobalSection
	GlobalSection(ExtensibilityGlobals) = postSolution
		SolutionGuid = {982D638D-A1B3-48F9-B876-E8E3E42B4C21}
	EndGlobalSection
EndGlobal
